{
  "object": {
    "pins": [
      {
        "package": "AudioKit",
        "repositoryURL": "https://github.com/AudioKit/AudioKit",
        "state": {
          "branch": "v5-main",
          "revision": "b71bcdb2d353fec6825469fc215dcade206b07fd",
          "version": null
        }
      }
    ]
  },
  "version": 1
}
