{
  "pins" : [
    {
      "identity" : "audiokit",
      "kind" : "remoteSourceControl",
      "location" : "https://github.com/AudioKit/AudioKit",
      "state" : {
        "revision" : "82cab9d4c168b5b03b67e2ff099819f589b530f7",
        "version" : "5.6.2"
      }
    },
    {
      "identity" : "audiokitex",
      "kind" : "remoteSourceControl",
      "location" : "https://github.com/AudioKit/AudioKitEX",
      "state" : {
        "revision" : "58fa4a002028a2addf96466dd5ad68182e7d387e",
        "version" : "5.6.0"
      }
    },
    {
      "identity" : "axswift",
      "kind" : "remoteSourceControl",
      "location" : "https://github.com/tmandry/AXSwift",
      "state" : {
        "branch" : "main",
        "revision" : "e18a18453d135ad45809a384ee5139e05ea52def"
      }
    },
    {
      "identity" : "hotkey",
      "kind" : "remoteSourceControl",
      "location" : "https://github.com/soffes/HotKey",
      "state" : {
        "revision" : "31234dfbb4330b90ee10d89fbacb77316781cc06",
        "version" : "0.2.0"
      }
    },
    {
      "identity" : "kissfft",
      "kind" : "remoteSourceControl",
      "location" : "https://github.com/AudioKit/KissFFT",
      "state" : {
        "revision" : "dd0636e151724b8ba2e0908eba4d99a6ff24d00c",
        "version" : "1.0.0"
      }
    },
    {
      "identity" : "soundpipeaudiokit",
      "kind" : "remoteSourceControl",
      "location" : "https://github.com/AudioKit/SoundpipeAudioKit.git",
      "state" : {
        "revision" : "ee7d9542078ae48b24744a67c0350a12f9de354b",
        "version" : "5.6.1"
      }
    },
    {
      "identity" : "sparkle",
      "kind" : "remoteSourceControl",
      "location" : "https://github.com/sparkle-project/Sparkle",
      "state" : {
        "revision" : "41847a58cdef7506b257591fcca6f9495df591d4",
        "version" : "2.6.2"
      }
    }
  ],
  "version" : 2
}
