// !$*UTF8*$!
{
	archiveVersion = 1;
	classes = {
	};
	objectVersion = 54;
	objects = {

/* Begin PBXBuildFile section */
		6D29B5302F2C97DF00297D25 /* Localizable.xcstrings in Resources */ = {isa = PBXBuildFile; fileRef = 6D29B52F2F2C97DF00297D25 /* Localizable.xcstrings */; };
		6D29B5312F2C97DF00297D25 /* InfoPlist.xcstrings in Resources */ = {isa = PBXBuildFile; fileRef = 6D29B52E2F2C97DF00297D25 /* InfoPlist.xcstrings */; };
		6D4816BE2C7EE946005E6C64 /* OCRTextSearch.swift in Sources */ = {isa = PBXBuildFile; fileRef = 6D4816BD2C7EE946005E6C64 /* OCRTextSearch.swift */; };
		6D5818FC2F3DA7F100883867 /* PermissionsWindowController.swift in Sources */ = {isa = PBXBuildFile; fileRef = 6D5818FB2F3DA7F100883867 /* PermissionsWindowController.swift */; };
		6D5818FD2F3DA7F100883867 /* PermissionsManager.swift in Sources */ = {isa = PBXBuildFile; fileRef = 6D5818F92F3DA7F100883867 /* PermissionsManager.swift */; };
		6D5818FE2F3DA7F100883867 /* PermissionsViewController.swift in Sources */ = {isa = PBXBuildFile; fileRef = 6D5818FA2F3DA7F100883867 /* PermissionsViewController.swift */; };
		EA0C88682B4F8F4B00F2E920 /* ShortcutsWindowController.swift in Sources */ = {isa = PBXBuildFile; fileRef = EA0C88672B4F8F4B00F2E920 /* ShortcutsWindowController.swift */; };
		EA1158CE2B51EBC000B2C716 /* Shortcuts.swift in Sources */ = {isa = PBXBuildFile; fileRef = EA1158CD2B51EBC000B2C716 /* Shortcuts.swift */; };
		EA1AC96A2B4C51FA00D3543F /* VOCursor.scpt in Resources */ = {isa = PBXBuildFile; fileRef = EA1AC9692B4C51FA00D3543F /* VOCursor.scpt */; };
		EA1F642C2352503D0089C967 /* Player.swift in Sources */ = {isa = PBXBuildFile; fileRef = EA1F642B2352503D0089C967 /* Player.swift */; };
		EA2D4F092B5215CD001D6D24 /* Shortcuts.json in Resources */ = {isa = PBXBuildFile; fileRef = EA2D4F082B5215CD001D6D24 /* Shortcuts.json */; };
		EA2DA1AD232EB1D600D31031 /* Accessibility.swift in Sources */ = {isa = PBXBuildFile; fileRef = EA2DA1AB232EB1D600D31031 /* Accessibility.swift */; };
		EA2DA1AF232EB22300D31031 /* NSRunningApplication Extension.swift in Sources */ = {isa = PBXBuildFile; fileRef = EA2DA1AE232EB22300D31031 /* NSRunningApplication Extension.swift */; };
		EA3F43732B4857F9005453C2 /* Observation.swift in Sources */ = {isa = PBXBuildFile; fileRef = EA3F43722B4857F9005453C2 /* Observation.swift */; };
		EA42F44F2A2A04440010BC39 /* AXSwift in Frameworks */ = {isa = PBXBuildFile; productRef = EA42F44E2A2A04440010BC39 /* AXSwift */; };
		EA42F4512A2A05410010BC39 /* UIElement Extension.swift in Sources */ = {isa = PBXBuildFile; fileRef = EA42F4502A2A05410010BC39 /* UIElement Extension.swift */; };
		EA5581EF2B5AF6F800408F92 /* KeychainManager.swift in Sources */ = {isa = PBXBuildFile; fileRef = EA5581EE2B5AF6F800408F92 /* KeychainManager.swift */; };
		EA5C7ACC2351BB6D00D84042 /* Navigation.swift in Sources */ = {isa = PBXBuildFile; fileRef = EA5C7ACB2351BB6D00D84042 /* Navigation.swift */; };
		EA5C7AD02351C8DE00D84042 /* AXUIElement Extension.swift in Sources */ = {isa = PBXBuildFile; fileRef = EA5C7ACF2351C8DE00D84042 /* AXUIElement Extension.swift */; };
		EA5C7AD92351D81100D84042 /* VOScreenshot.scpt in Resources */ = {isa = PBXBuildFile; fileRef = EA5C7AD82351D81100D84042 /* VOScreenshot.scpt */; };
		EA60A3B12B4D7FF0001F6EEA /* RealTime.swift in Sources */ = {isa = PBXBuildFile; fileRef = EA60A3B02B4D7FF0001F6EEA /* RealTime.swift */; };
		EA6427202EB6798100EDCC0C /* OpenAIAPI.swift in Sources */ = {isa = PBXBuildFile; fileRef = EA64271F2EB6798100EDCC0C /* OpenAIAPI.swift */; };
		EA6427282EB6798C00EDCC0C /* PresetEditorWindowController.swift in Sources */ = {isa = PBXBuildFile; fileRef = EA6427222EB6798C00EDCC0C /* PresetEditorWindowController.swift */; };
		EA6427292EB6798C00EDCC0C /* PresetManager.swift in Sources */ = {isa = PBXBuildFile; fileRef = EA6427232EB6798C00EDCC0C /* PresetManager.swift */; };
		EA64272A2EB6798C00EDCC0C /* Preset.swift in Sources */ = {isa = PBXBuildFile; fileRef = EA6427212EB6798C00EDCC0C /* Preset.swift */; };
		EA64272B2EB6798C00EDCC0C /* SecureCrypto.swift in Sources */ = {isa = PBXBuildFile; fileRef = EA6427262EB6798C00EDCC0C /* SecureCrypto.swift */; };
		EA64272C2EB6798C00EDCC0C /* PresetManagerWindowController.swift in Sources */ = {isa = PBXBuildFile; fileRef = EA6427252EB6798C00EDCC0C /* PresetManagerWindowController.swift */; };
		EA64272D2EB6798C00EDCC0C /* PresetManagerViewController.swift in Sources */ = {isa = PBXBuildFile; fileRef = EA6427242EB6798C00EDCC0C /* PresetManagerViewController.swift */; };
		EA688D452355BDC500F722C7 /* Bundle Extension.swift in Sources */ = {isa = PBXBuildFile; fileRef = EA688D442355BDC500F722C7 /* Bundle Extension.swift */; };
		EA78235B2B56E75E004B141B /* Sparkle in Frameworks */ = {isa = PBXBuildFile; productRef = EA78235A2B56E75E004B141B /* Sparkle */; };
		EA8AD6412352B4A000D26871 /* Double Extension.swift in Sources */ = {isa = PBXBuildFile; fileRef = EA8AD6402352B4A000D26871 /* Double Extension.swift */; };
		EA9EB89E28EA5B0A00FE6210 /* Utils.swift in Sources */ = {isa = PBXBuildFile; fileRef = EA9EB89D28EA5B0A00FE6210 /* Utils.swift */; };
		EAAD42AE298596FB00BE5D98 /* com.chikim.VOCR.plist in Resources */ = {isa = PBXBuildFile; fileRef = EAAD42AD298596FB00BE5D98 /* com.chikim.VOCR.plist */; };
		EAC1C94B2B59D96200FBE97D /* AutoUpdateManager.swift in Sources */ = {isa = PBXBuildFile; fileRef = EAC1C94A2B59D96200FBE97D /* AutoUpdateManager.swift */; };
		EAC9ECD92BFB8D6200D61F00 /* MacCamera.swift in Sources */ = {isa = PBXBuildFile; fileRef = EAC9ECD82BFB8D6200D61F00 /* MacCamera.swift */; };
		EAD0E5A92B57942F004E69AD /* FileLogger.swift in Sources */ = {isa = PBXBuildFile; fileRef = EAD0E5A82B57942F004E69AD /* FileLogger.swift */; };
		EAD9AAE62731075600473054 /* HotKey in Frameworks */ = {isa = PBXBuildFile; productRef = EAD9AAE52731075600473054 /* HotKey */; };
		EAD9AAE927310A3900473054 /* SoundpipeAudioKit in Frameworks */ = {isa = PBXBuildFile; productRef = EAD9AAE827310A3900473054 /* SoundpipeAudioKit */; };
		EAD9CFD22355E11600E7F594 /* say.scpt in Resources */ = {isa = PBXBuildFile; fileRef = EAD9CFD12355E11600E7F594 /* say.scpt */; };
		EADE59B5232EB09A00E2F65A /* AppDelegate.swift in Sources */ = {isa = PBXBuildFile; fileRef = EADE59B4232EB09A00E2F65A /* AppDelegate.swift */; };
		EADE59B7232EB09A00E2F65A /* AboutViewController.swift in Sources */ = {isa = PBXBuildFile; fileRef = EADE59B6232EB09A00E2F65A /* AboutViewController.swift */; };
		EADE59B9232EB09A00E2F65A /* Assets.xcassets in Resources */ = {isa = PBXBuildFile; fileRef = EADE59B8232EB09A00E2F65A /* Assets.xcassets */; };
		EADE59BC232EB09A00E2F65A /* Main.storyboard in Resources */ = {isa = PBXBuildFile; fileRef = EADE59BA232EB09A00E2F65A /* Main.storyboard */; };
		EAF9C3C82354A66200D4D77C /* Settings.swift in Sources */ = {isa = PBXBuildFile; fileRef = EAF9C3C72354A66200D4D77C /* Settings.swift */; };
/* End PBXBuildFile section */

/* Begin PBXFileReference section */
		6D29B52E2F2C97DF00297D25 /* InfoPlist.xcstrings */ = {isa = PBXFileReference; lastKnownFileType = text.json.xcstrings; path = InfoPlist.xcstrings; sourceTree = "<group>"; };
		6D29B52F2F2C97DF00297D25 /* Localizable.xcstrings */ = {isa = PBXFileReference; lastKnownFileType = text.json.xcstrings; path = Localizable.xcstrings; sourceTree = "<group>"; };
		6D4816BD2C7EE946005E6C64 /* OCRTextSearch.swift */ = {isa = PBXFileReference; fileEncoding = 4; lastKnownFileType = sourcecode.swift; path = OCRTextSearch.swift; sourceTree = "<group>"; };
		6D5818F92F3DA7F100883867 /* PermissionsManager.swift */ = {isa = PBXFileReference; lastKnownFileType = sourcecode.swift; path = PermissionsManager.swift; sourceTree = "<group>"; };
		6D5818FA2F3DA7F100883867 /* PermissionsViewController.swift */ = {isa = PBXFileReference; lastKnownFileType = sourcecode.swift; path = PermissionsViewController.swift; sourceTree = "<group>"; };
		6D5818FB2F3DA7F100883867 /* PermissionsWindowController.swift */ = {isa = PBXFileReference; lastKnownFileType = sourcecode.swift; path = PermissionsWindowController.swift; sourceTree = "<group>"; };
		EA0C88672B4F8F4B00F2E920 /* ShortcutsWindowController.swift */ = {isa = PBXFileReference; lastKnownFileType = sourcecode.swift; path = ShortcutsWindowController.swift; sourceTree = "<group>"; };
		EA1158CD2B51EBC000B2C716 /* Shortcuts.swift */ = {isa = PBXFileReference; lastKnownFileType = sourcecode.swift; path = Shortcuts.swift; sourceTree = "<group>"; };
		EA1AC9692B4C51FA00D3543F /* VOCursor.scpt */ = {isa = PBXFileReference; lastKnownFileType = file; path = VOCursor.scpt; sourceTree = "<group>"; };
		EA1F642B2352503D0089C967 /* Player.swift */ = {isa = PBXFileReference; lastKnownFileType = sourcecode.swift; path = Player.swift; sourceTree = "<group>"; };
		EA2D4F082B5215CD001D6D24 /* Shortcuts.json */ = {isa = PBXFileReference; fileEncoding = 4; lastKnownFileType = text.json; path = Shortcuts.json; sourceTree = "<group>"; };
		EA2DA1AB232EB1D600D31031 /* Accessibility.swift */ = {isa = PBXFileReference; fileEncoding = 4; lastKnownFileType = sourcecode.swift; path = Accessibility.swift; sourceTree = "<group>"; };
		EA2DA1AE232EB22300D31031 /* NSRunningApplication Extension.swift */ = {isa = PBXFileReference; fileEncoding = 4; lastKnownFileType = sourcecode.swift; path = "NSRunningApplication Extension.swift"; sourceTree = "<group>"; };
		EA3F43722B4857F9005453C2 /* Observation.swift */ = {isa = PBXFileReference; lastKnownFileType = sourcecode.swift; path = Observation.swift; sourceTree = "<group>"; };
		EA42F4502A2A05410010BC39 /* UIElement Extension.swift */ = {isa = PBXFileReference; fileEncoding = 4; lastKnownFileType = sourcecode.swift; path = "UIElement Extension.swift"; sourceTree = "<group>"; };
		EA5581EE2B5AF6F800408F92 /* KeychainManager.swift */ = {isa = PBXFileReference; lastKnownFileType = sourcecode.swift; path = KeychainManager.swift; sourceTree = "<group>"; };
		EA5C7ACB2351BB6D00D84042 /* Navigation.swift */ = {isa = PBXFileReference; lastKnownFileType = sourcecode.swift; path = Navigation.swift; sourceTree = "<group>"; };
		EA5C7ACF2351C8DE00D84042 /* AXUIElement Extension.swift */ = {isa = PBXFileReference; fileEncoding = 4; lastKnownFileType = sourcecode.swift; path = "AXUIElement Extension.swift"; sourceTree = "<group>"; };
		EA5C7AD82351D81100D84042 /* VOScreenshot.scpt */ = {isa = PBXFileReference; lastKnownFileType = file; path = VOScreenshot.scpt; sourceTree = "<group>"; };
		EA60A3B02B4D7FF0001F6EEA /* RealTime.swift */ = {isa = PBXFileReference; lastKnownFileType = sourcecode.swift; path = RealTime.swift; sourceTree = "<group>"; };
		EA64271F2EB6798100EDCC0C /* OpenAIAPI.swift */ = {isa = PBXFileReference; lastKnownFileType = sourcecode.swift; path = OpenAIAPI.swift; sourceTree = "<group>"; };
		EA6427212EB6798C00EDCC0C /* Preset.swift */ = {isa = PBXFileReference; lastKnownFileType = sourcecode.swift; path = Preset.swift; sourceTree = "<group>"; };
		EA6427222EB6798C00EDCC0C /* PresetEditorWindowController.swift */ = {isa = PBXFileReference; lastKnownFileType = sourcecode.swift; path = PresetEditorWindowController.swift; sourceTree = "<group>"; };
		EA6427232EB6798C00EDCC0C /* PresetManager.swift */ = {isa = PBXFileReference; lastKnownFileType = sourcecode.swift; path = PresetManager.swift; sourceTree = "<group>"; };
		EA6427242EB6798C00EDCC0C /* PresetManagerViewController.swift */ = {isa = PBXFileReference; lastKnownFileType = sourcecode.swift; path = PresetManagerViewController.swift; sourceTree = "<group>"; };
		EA6427252EB6798C00EDCC0C /* PresetManagerWindowController.swift */ = {isa = PBXFileReference; lastKnownFileType = sourcecode.swift; path = PresetManagerWindowController.swift; sourceTree = "<group>"; };
		EA6427262EB6798C00EDCC0C /* SecureCrypto.swift */ = {isa = PBXFileReference; lastKnownFileType = sourcecode.swift; path = SecureCrypto.swift; sourceTree = "<group>"; };
		EA688D442355BDC500F722C7 /* Bundle Extension.swift */ = {isa = PBXFileReference; lastKnownFileType = sourcecode.swift; path = "Bundle Extension.swift"; sourceTree = "<group>"; };
		EA8AD6402352B4A000D26871 /* Double Extension.swift */ = {isa = PBXFileReference; lastKnownFileType = sourcecode.swift; path = "Double Extension.swift"; sourceTree = "<group>"; };
		EA9EB89D28EA5B0A00FE6210 /* Utils.swift */ = {isa = PBXFileReference; lastKnownFileType = sourcecode.swift; path = Utils.swift; sourceTree = "<group>"; };
		EAAD42AD298596FB00BE5D98 /* com.chikim.VOCR.plist */ = {isa = PBXFileReference; fileEncoding = 4; lastKnownFileType = text.plist.xml; path = com.chikim.VOCR.plist; sourceTree = "<group>"; };
		EAC1C94A2B59D96200FBE97D /* AutoUpdateManager.swift */ = {isa = PBXFileReference; lastKnownFileType = sourcecode.swift; path = AutoUpdateManager.swift; sourceTree = "<group>"; };
		EAC9ECD82BFB8D6200D61F00 /* MacCamera.swift */ = {isa = PBXFileReference; fileEncoding = 4; lastKnownFileType = sourcecode.swift; path = MacCamera.swift; sourceTree = "<group>"; };
		EAD0E5A82B57942F004E69AD /* FileLogger.swift */ = {isa = PBXFileReference; lastKnownFileType = sourcecode.swift; path = FileLogger.swift; sourceTree = "<group>"; };
		EAD9CFD12355E11600E7F594 /* say.scpt */ = {isa = PBXFileReference; lastKnownFileType = file; path = say.scpt; sourceTree = "<group>"; };
		EADE59B1232EB09A00E2F65A /* VOCR.app */ = {isa = PBXFileReference; explicitFileType = wrapper.application; includeInIndex = 0; path = VOCR.app; sourceTree = BUILT_PRODUCTS_DIR; };
		EADE59B4232EB09A00E2F65A /* AppDelegate.swift */ = {isa = PBXFileReference; lastKnownFileType = sourcecode.swift; path = AppDelegate.swift; sourceTree = "<group>"; };
		EADE59B6232EB09A00E2F65A /* AboutViewController.swift */ = {isa = PBXFileReference; lastKnownFileType = sourcecode.swift; path = AboutViewController.swift; sourceTree = "<group>"; };
		EADE59B8232EB09A00E2F65A /* Assets.xcassets */ = {isa = PBXFileReference; lastKnownFileType = folder.assetcatalog; path = Assets.xcassets; sourceTree = "<group>"; };
		EADE59BB232EB09A00E2F65A /* Base */ = {isa = PBXFileReference; lastKnownFileType = file.storyboard; name = Base; path = Base.lproj/Main.storyboard; sourceTree = "<group>"; };
		EADE59BD232EB09A00E2F65A /* Info.plist */ = {isa = PBXFileReference; lastKnownFileType = text.plist.xml; path = Info.plist; sourceTree = "<group>"; };
		EADE59BE232EB09A00E2F65A /* VOCR.entitlements */ = {isa = PBXFileReference; lastKnownFileType = text.plist.entitlements; path = VOCR.entitlements; sourceTree = "<group>"; };
		EAF9C3C72354A66200D4D77C /* Settings.swift */ = {isa = PBXFileReference; lastKnownFileType = sourcecode.swift; path = Settings.swift; sourceTree = "<group>"; };
/* End PBXFileReference section */

/* Begin PBXFrameworksBuildPhase section */
		EADE59AE232EB09A00E2F65A /* Frameworks */ = {
			isa = PBXFrameworksBuildPhase;
			buildActionMask = 2147483647;
			files = (
				EA42F44F2A2A04440010BC39 /* AXSwift in Frameworks */,
				EA78235B2B56E75E004B141B /* Sparkle in Frameworks */,
				EAD9AAE927310A3900473054 /* SoundpipeAudioKit in Frameworks */,
				EAD9AAE62731075600473054 /* HotKey in Frameworks */,
			);
			runOnlyForDeploymentPostprocessing = 0;
		};
/* End PBXFrameworksBuildPhase section */

/* Begin PBXGroup section */
		EA1F63FA2352496E0089C967 /* Frameworks */ = {
			isa = PBXGroup;
			children = (
			);
			name = Frameworks;
			sourceTree = "<group>";
		};
		EA5C7AD72351D81100D84042 /* Scripts */ = {
			isa = PBXGroup;
			children = (
				EA1AC9692B4C51FA00D3543F /* VOCursor.scpt */,
				EAD9CFD12355E11600E7F594 /* say.scpt */,
				EA5C7AD82351D81100D84042 /* VOScreenshot.scpt */,
			);
			path = Scripts;
			sourceTree = "<group>";
		};
		EA6427272EB6798C00EDCC0C /* preset */ = {
			isa = PBXGroup;
			children = (
				6D5818F92F3DA7F100883867 /* PermissionsManager.swift */,
				6D5818FA2F3DA7F100883867 /* PermissionsViewController.swift */,
				6D5818FB2F3DA7F100883867 /* PermissionsWindowController.swift */,
				EA6427212EB6798C00EDCC0C /* Preset.swift */,
				EA6427222EB6798C00EDCC0C /* PresetEditorWindowController.swift */,
				EA6427232EB6798C00EDCC0C /* PresetManager.swift */,
				EA6427242EB6798C00EDCC0C /* PresetManagerViewController.swift */,
				EA6427252EB6798C00EDCC0C /* PresetManagerWindowController.swift */,
				EA6427262EB6798C00EDCC0C /* SecureCrypto.swift */,
			);
			path = preset;
			sourceTree = "<group>";
		};
		EADE59A8232EB09A00E2F65A = {
			isa = PBXGroup;
			children = (
				EA2D4F082B5215CD001D6D24 /* Shortcuts.json */,
				EAAD42AD298596FB00BE5D98 /* com.chikim.VOCR.plist */,
				EA5C7AD72351D81100D84042 /* Scripts */,
				EADE59B3232EB09A00E2F65A /* VOCR */,
				EADE59B2232EB09A00E2F65A /* Products */,
				EA1F63FA2352496E0089C967 /* Frameworks */,
			);
			sourceTree = "<group>";
		};
		EADE59B2232EB09A00E2F65A /* Products */ = {
			isa = PBXGroup;
			children = (
				EADE59B1232EB09A00E2F65A /* VOCR.app */,
			);
			name = Products;
			sourceTree = "<group>";
		};
		EADE59B3232EB09A00E2F65A /* VOCR */ = {
			isa = PBXGroup;
			children = (
				EA6427272EB6798C00EDCC0C /* preset */,
				EA64271F2EB6798100EDCC0C /* OpenAIAPI.swift */,
				6D29B52E2F2C97DF00297D25 /* InfoPlist.xcstrings */,
				6D29B52F2F2C97DF00297D25 /* Localizable.xcstrings */,
				EAC9ECD82BFB8D6200D61F00 /* MacCamera.swift */,
				EADE59B6232EB09A00E2F65A /* AboutViewController.swift */,
				EA2DA1AB232EB1D600D31031 /* Accessibility.swift */,
				EADE59B4232EB09A00E2F65A /* AppDelegate.swift */,
				EADE59B8232EB09A00E2F65A /* Assets.xcassets */,
				EA5C7ACF2351C8DE00D84042 /* AXUIElement Extension.swift */,
				EA688D442355BDC500F722C7 /* Bundle Extension.swift */,
				EA8AD6402352B4A000D26871 /* Double Extension.swift */,
				EAD0E5A82B57942F004E69AD /* FileLogger.swift */,
				EADE59BD232EB09A00E2F65A /* Info.plist */,
				EADE59BA232EB09A00E2F65A /* Main.storyboard */,
				EA5C7ACB2351BB6D00D84042 /* Navigation.swift */,
				EA2DA1AE232EB22300D31031 /* NSRunningApplication Extension.swift */,
				EA3F43722B4857F9005453C2 /* Observation.swift */,
				6D4816BD2C7EE946005E6C64 /* OCRTextSearch.swift */,
				EA1F642B2352503D0089C967 /* Player.swift */,
				EA60A3B02B4D7FF0001F6EEA /* RealTime.swift */,
				EAF9C3C72354A66200D4D77C /* Settings.swift */,
				EA1158CD2B51EBC000B2C716 /* Shortcuts.swift */,
				EA0C88672B4F8F4B00F2E920 /* ShortcutsWindowController.swift */,
				EA42F4502A2A05410010BC39 /* UIElement Extension.swift */,
				EA9EB89D28EA5B0A00FE6210 /* Utils.swift */,
				EADE59BE232EB09A00E2F65A /* VOCR.entitlements */,
				EAC1C94A2B59D96200FBE97D /* AutoUpdateManager.swift */,
				EA5581EE2B5AF6F800408F92 /* KeychainManager.swift */,
			);
			path = VOCR;
			sourceTree = "<group>";
		};
/* End PBXGroup section */

/* Begin PBXNativeTarget section */
		EADE59B0232EB09A00E2F65A /* VOCR */ = {
			isa = PBXNativeTarget;
			buildConfigurationList = EADE59C1232EB09A00E2F65A /* Build configuration list for PBXNativeTarget "VOCR" */;
			buildPhases = (
				EADE59AD232EB09A00E2F65A /* Sources */,
				EADE59AE232EB09A00E2F65A /* Frameworks */,
				EADE59AF232EB09A00E2F65A /* Resources */,
			);
			buildRules = (
			);
			dependencies = (
			);
			name = VOCR;
			packageProductDependencies = (
				EAD9AAE52731075600473054 /* HotKey */,
				EAD9AAE827310A3900473054 /* SoundpipeAudioKit */,
				EA42F44E2A2A04440010BC39 /* AXSwift */,
				EA78235A2B56E75E004B141B /* Sparkle */,
			);
			productName = VOCR;
			productReference = EADE59B1232EB09A00E2F65A /* VOCR.app */;
			productType = "com.apple.product-type.application";
		};
/* End PBXNativeTarget section */

/* Begin PBXProject section */
		EADE59A9232EB09A00E2F65A /* Project object */ = {
			isa = PBXProject;
			attributes = {
				BuildIndependentTargetsInParallel = YES;
				LastSwiftUpdateCheck = 1100;
				LastUpgradeCheck = 2600;
				ORGANIZATIONNAME = "Chi Kim";
				TargetAttributes = {
					EADE59B0232EB09A00E2F65A = {
						CreatedOnToolsVersion = 11.0;
					};
				};
			};
			buildConfigurationList = EADE59AC232EB09A00E2F65A /* Build configuration list for PBXProject "VOCR" */;
			compatibilityVersion = "Xcode 9.3";
			developmentRegion = en;
			hasScannedForEncodings = 0;
			knownRegions = (
				en,
				Base,
			);
			mainGroup = EADE59A8232EB09A00E2F65A;
			packageReferences = (
				EAD9AAE42731075600473054 /* XCRemoteSwiftPackageReference "HotKey" */,
				EAD9AAE727310A3900473054 /* XCRemoteSwiftPackageReference "SoundpipeAudioKit" */,
				EA42F44D2A2A04440010BC39 /* XCRemoteSwiftPackageReference "AXSwift" */,
				EA7823592B56E75E004B141B /* XCRemoteSwiftPackageReference "Sparkle" */,
			);
			productRefGroup = EADE59B2232EB09A00E2F65A /* Products */;
			projectDirPath = "";
			projectRoot = "";
			targets = (
				EADE59B0232EB09A00E2F65A /* VOCR */,
			);
		};
/* End PBXProject section */

/* Begin PBXResourcesBuildPhase section */
		EADE59AF232EB09A00E2F65A /* Resources */ = {
			isa = PBXResourcesBuildPhase;
			buildActionMask = 2147483647;
			files = (
				6D29B5302F2C97DF00297D25 /* Localizable.xcstrings in Resources */,
				6D29B5312F2C97DF00297D25 /* InfoPlist.xcstrings in Resources */,
				EADE59B9232EB09A00E2F65A /* Assets.xcassets in Resources */,
				EAD9CFD22355E11600E7F594 /* say.scpt in Resources */,
				EA1AC96A2B4C51FA00D3543F /* VOCursor.scpt in Resources */,
				EA2D4F092B5215CD001D6D24 /* Shortcuts.json in Resources */,
				EA5C7AD92351D81100D84042 /* VOScreenshot.scpt in Resources */,
				EADE59BC232EB09A00E2F65A /* Main.storyboard in Resources */,
				EAAD42AE298596FB00BE5D98 /* com.chikim.VOCR.plist in Resources */,
			);
			runOnlyForDeploymentPostprocessing = 0;
		};
/* End PBXResourcesBuildPhase section */

/* Begin PBXSourcesBuildPhase section */
		EADE59AD232EB09A00E2F65A /* Sources */ = {
			isa = PBXSourcesBuildPhase;
			buildActionMask = 2147483647;
			files = (
				EADE59B7232EB09A00E2F65A /* AboutViewController.swift in Sources */,
				EA8AD6412352B4A000D26871 /* Double Extension.swift in Sources */,
				EA5C7AD02351C8DE00D84042 /* AXUIElement Extension.swift in Sources */,
				EAC1C94B2B59D96200FBE97D /* AutoUpdateManager.swift in Sources */,
				EADE59B5232EB09A00E2F65A /* AppDelegate.swift in Sources */,
				EA688D452355BDC500F722C7 /* Bundle Extension.swift in Sources */,
				EAD0E5A92B57942F004E69AD /* FileLogger.swift in Sources */,
				EA2DA1AF232EB22300D31031 /* NSRunningApplication Extension.swift in Sources */,
				EA6427202EB6798100EDCC0C /* OpenAIAPI.swift in Sources */,
				EA3F43732B4857F9005453C2 /* Observation.swift in Sources */,
				EA1158CE2B51EBC000B2C716 /* Shortcuts.swift in Sources */,
				EA9EB89E28EA5B0A00FE6210 /* Utils.swift in Sources */,
				EA2DA1AD232EB1D600D31031 /* Accessibility.swift in Sources */,
				EA42F4512A2A05410010BC39 /* UIElement Extension.swift in Sources */,
				EA6427282EB6798C00EDCC0C /* PresetEditorWindowController.swift in Sources */,
				EA6427292EB6798C00EDCC0C /* PresetManager.swift in Sources */,
				EA64272A2EB6798C00EDCC0C /* Preset.swift in Sources */,
				EA64272B2EB6798C00EDCC0C /* SecureCrypto.swift in Sources */,
				EA64272C2EB6798C00EDCC0C /* PresetManagerWindowController.swift in Sources */,
				EA64272D2EB6798C00EDCC0C /* PresetManagerViewController.swift in Sources */,
				EA60A3B12B4D7FF0001F6EEA /* RealTime.swift in Sources */,
				EA5C7ACC2351BB6D00D84042 /* Navigation.swift in Sources */,
				EA5581EF2B5AF6F800408F92 /* KeychainManager.swift in Sources */,
				6D4816BE2C7EE946005E6C64 /* OCRTextSearch.swift in Sources */,
				EAF9C3C82354A66200D4D77C /* Settings.swift in Sources */,
				EAC9ECD92BFB8D6200D61F00 /* MacCamera.swift in Sources */,
				6D5818FC2F3DA7F100883867 /* PermissionsWindowController.swift in Sources */,
				6D5818FD2F3DA7F100883867 /* PermissionsManager.swift in Sources */,
				6D5818FE2F3DA7F100883867 /* PermissionsViewController.swift in Sources */,
				EA1F642C2352503D0089C967 /* Player.swift in Sources */,
				EA0C88682B4F8F4B00F2E920 /* ShortcutsWindowController.swift in Sources */,
			);
			runOnlyForDeploymentPostprocessing = 0;
		};
/* End PBXSourcesBuildPhase section */

/* Begin PBXVariantGroup section */
		EADE59BA232EB09A00E2F65A /* Main.storyboard */ = {
			isa = PBXVariantGroup;
			children = (
				EADE59BB232EB09A00E2F65A /* Base */,
			);
			name = Main.storyboard;
			sourceTree = "<group>";
		};
/* End PBXVariantGroup section */

/* Begin XCBuildConfiguration section */
		EADE59BF232EB09A00E2F65A /* Debug */ = {
			isa = XCBuildConfiguration;
			buildSettings = {
				ALWAYS_SEARCH_USER_PATHS = NO;
				CLANG_ANALYZER_NONNULL = YES;
				CLANG_ANALYZER_NUMBER_OBJECT_CONVERSION = YES_AGGRESSIVE;
				CLANG_CXX_LANGUAGE_STANDARD = "gnu++14";
				CLANG_CXX_LIBRARY = "libc++";
				CLANG_ENABLE_MODULES = YES;
				CLANG_ENABLE_OBJC_ARC = YES;
				CLANG_ENABLE_OBJC_WEAK = YES;
				CLANG_WARN_BLOCK_CAPTURE_AUTORELEASING = YES;
				CLANG_WARN_BOOL_CONVERSION = YES;
				CLANG_WARN_COMMA = YES;
				CLANG_WARN_CONSTANT_CONVERSION = YES;
				CLANG_WARN_DEPRECATED_OBJC_IMPLEMENTATIONS = YES;
				CLANG_WARN_DIRECT_OBJC_ISA_USAGE = YES_ERROR;
				CLANG_WARN_DOCUMENTATION_COMMENTS = YES;
				CLANG_WARN_EMPTY_BODY = YES;
				CLANG_WARN_ENUM_CONVERSION = YES;
				CLANG_WARN_INFINITE_RECURSION = YES;
				CLANG_WARN_INT_CONVERSION = YES;
				CLANG_WARN_NON_LITERAL_NULL_CONVERSION = YES;
				CLANG_WARN_OBJC_IMPLICIT_RETAIN_SELF = YES;
				CLANG_WARN_OBJC_LITERAL_CONVERSION = YES;
				CLANG_WARN_OBJC_ROOT_CLASS = YES_ERROR;
				CLANG_WARN_QUOTED_INCLUDE_IN_FRAMEWORK_HEADER = YES;
				CLANG_WARN_RANGE_LOOP_ANALYSIS = YES;
				CLANG_WARN_STRICT_PROTOTYPES = YES;
				CLANG_WARN_SUSPICIOUS_MOVE = YES;
				CLANG_WARN_UNGUARDED_AVAILABILITY = YES_AGGRESSIVE;
				CLANG_WARN_UNREACHABLE_CODE = YES;
				CLANG_WARN__DUPLICATE_METHOD_MATCH = YES;
				COPY_PHASE_STRIP = NO;
				DEAD_CODE_STRIPPING = YES;
				DEBUG_INFORMATION_FORMAT = dwarf;
				DEVELOPMENT_TEAM = 9N598S2535;
				ENABLE_STRICT_OBJC_MSGSEND = YES;
				ENABLE_TESTABILITY = YES;
				ENABLE_USER_SCRIPT_SANDBOXING = YES;
				GCC_C_LANGUAGE_STANDARD = gnu11;
				GCC_DYNAMIC_NO_PIC = NO;
				GCC_NO_COMMON_BLOCKS = YES;
				GCC_OPTIMIZATION_LEVEL = 0;
				GCC_PREPROCESSOR_DEFINITIONS = (
					"DEBUG=1",
					"$(inherited)",
				);
				GCC_WARN_64_TO_32_BIT_CONVERSION = YES;
				GCC_WARN_ABOUT_RETURN_TYPE = YES_ERROR;
				GCC_WARN_UNDECLARED_SELECTOR = YES;
				GCC_WARN_UNINITIALIZED_AUTOS = YES_AGGRESSIVE;
				GCC_WARN_UNUSED_FUNCTION = YES;
				GCC_WARN_UNUSED_VARIABLE = YES;
				MACOSX_DEPLOYMENT_TARGET = 12.0;
				MTL_ENABLE_DEBUG_INFO = INCLUDE_SOURCE;
				MTL_FAST_MATH = YES;
				ONLY_ACTIVE_ARCH = YES;
				OTHER_LDFLAGS = "-lc++";
				SDKROOT = macosx;
				STRING_CATALOG_GENERATE_SYMBOLS = YES;
				SWIFT_ACTIVE_COMPILATION_CONDITIONS = DEBUG;
				SWIFT_OPTIMIZATION_LEVEL = "-Onone";
			};
			name = Debug;
		};
		EADE59C0232EB09A00E2F65A /* Release */ = {
			isa = XCBuildConfiguration;
			buildSettings = {
				ALWAYS_SEARCH_USER_PATHS = NO;
				CLANG_ANALYZER_NONNULL = YES;
				CLANG_ANALYZER_NUMBER_OBJECT_CONVERSION = YES_AGGRESSIVE;
				CLANG_CXX_LANGUAGE_STANDARD = "gnu++14";
				CLANG_CXX_LIBRARY = "libc++";
				CLANG_ENABLE_MODULES = YES;
				CLANG_ENABLE_OBJC_ARC = YES;
				CLANG_ENABLE_OBJC_WEAK = YES;
				CLANG_WARN_BLOCK_CAPTURE_AUTORELEASING = YES;
				CLANG_WARN_BOOL_CONVERSION = YES;
				CLANG_WARN_COMMA = YES;
				CLANG_WARN_CONSTANT_CONVERSION = YES;
				CLANG_WARN_DEPRECATED_OBJC_IMPLEMENTATIONS = YES;
				CLANG_WARN_DIRECT_OBJC_ISA_USAGE = YES_ERROR;
				CLANG_WARN_DOCUMENTATION_COMMENTS = YES;
				CLANG_WARN_EMPTY_BODY = YES;
				CLANG_WARN_ENUM_CONVERSION = YES;
				CLANG_WARN_INFINITE_RECURSION = YES;
				CLANG_WARN_INT_CONVERSION = YES;
				CLANG_WARN_NON_LITERAL_NULL_CONVERSION = YES;
				CLANG_WARN_OBJC_IMPLICIT_RETAIN_SELF = YES;
				CLANG_WARN_OBJC_LITERAL_CONVERSION = YES;
				CLANG_WARN_OBJC_ROOT_CLASS = YES_ERROR;
				CLANG_WARN_QUOTED_INCLUDE_IN_FRAMEWORK_HEADER = YES;
				CLANG_WARN_RANGE_LOOP_ANALYSIS = YES;
				CLANG_WARN_STRICT_PROTOTYPES = YES;
				CLANG_WARN_SUSPICIOUS_MOVE = YES;
				CLANG_WARN_UNGUARDED_AVAILABILITY = YES_AGGRESSIVE;
				CLANG_WARN_UNREACHABLE_CODE = YES;
				CLANG_WARN__DUPLICATE_METHOD_MATCH = YES;
				COPY_PHASE_STRIP = NO;
				DEAD_CODE_STRIPPING = YES;
				DEBUG_INFORMATION_FORMAT = "dwarf-with-dsym";
				DEVELOPMENT_TEAM = 9N598S2535;
				ENABLE_NS_ASSERTIONS = NO;
				ENABLE_STRICT_OBJC_MSGSEND = YES;
				ENABLE_USER_SCRIPT_SANDBOXING = YES;
				GCC_C_LANGUAGE_STANDARD = gnu11;
				GCC_NO_COMMON_BLOCKS = YES;
				GCC_WARN_64_TO_32_BIT_CONVERSION = YES;
				GCC_WARN_ABOUT_RETURN_TYPE = YES_ERROR;
				GCC_WARN_UNDECLARED_SELECTOR = YES;
				GCC_WARN_UNINITIALIZED_AUTOS = YES_AGGRESSIVE;
				GCC_WARN_UNUSED_FUNCTION = YES;
				GCC_WARN_UNUSED_VARIABLE = YES;
				MACOSX_DEPLOYMENT_TARGET = 12.0;
				MTL_ENABLE_DEBUG_INFO = NO;
				MTL_FAST_MATH = YES;
				OTHER_LDFLAGS = "-lc++";
				SDKROOT = macosx;
				STRING_CATALOG_GENERATE_SYMBOLS = YES;
				SWIFT_COMPILATION_MODE = wholemodule;
				SWIFT_OPTIMIZATION_LEVEL = "-O";
			};
			name = Release;
		};
		EADE59C2232EB09A00E2F65A /* Debug */ = {
			isa = XCBuildConfiguration;
			buildSettings = {
				ASSETCATALOG_COMPILER_APPICON_NAME = AppIcon;
				AUTOMATION_APPLE_EVENTS = YES;
				CODE_SIGN_ENTITLEMENTS = VOCR/VOCR.entitlements;
				CODE_SIGN_IDENTITY = "Apple Development";
				"CODE_SIGN_IDENTITY[sdk=macosx*]" = "Apple Development";
				CODE_SIGN_STYLE = Automatic;
				COMBINE_HIDPI_IMAGES = YES;
				CURRENT_PROJECT_VERSION = 54;
				DEAD_CODE_STRIPPING = YES;
				DEVELOPMENT_TEAM = 6Q47GP4GKF;
				ENABLE_APP_SANDBOX = NO;
				ENABLE_HARDENED_RUNTIME = YES;
				FRAMEWORK_SEARCH_PATHS = "$(inherited)";
				INFOPLIST_FILE = VOCR/Info.plist;
				INFOPLIST_KEY_CFBundleDisplayName = VOCR;
				INFOPLIST_KEY_LSApplicationCategoryType = "public.app-category.utilities";
				LD_RUNPATH_SEARCH_PATHS = (
					"$(inherited)",
					"@executable_path/../Frameworks",
				);
				MACOSX_DEPLOYMENT_TARGET = 13.0;
				MARKETING_VERSION = "3.0.0-beta.2";
				PRODUCT_BUNDLE_IDENTIFIER = com.chikim.VOCR;
				PRODUCT_NAME = "$(TARGET_NAME)";
				SWIFT_VERSION = 5.0;
			};
			name = Debug;
		};
		EADE59C3232EB09A00E2F65A /* Release */ = {
			isa = XCBuildConfiguration;
			buildSettings = {
				ASSETCATALOG_COMPILER_APPICON_NAME = AppIcon;
				AUTOMATION_APPLE_EVENTS = YES;
				CODE_SIGN_ENTITLEMENTS = VOCR/VOCR.entitlements;
				CODE_SIGN_IDENTITY = "Apple Development";
				"CODE_SIGN_IDENTITY[sdk=macosx*]" = "Apple Development";
				CODE_SIGN_STYLE = Automatic;
				COMBINE_HIDPI_IMAGES = YES;
				CURRENT_PROJECT_VERSION = 54;
				DEAD_CODE_STRIPPING = YES;
				ENABLE_APP_SANDBOX = NO;
				ENABLE_HARDENED_RUNTIME = YES;
				FRAMEWORK_SEARCH_PATHS = "$(inherited)";
				INFOPLIST_FILE = VOCR/Info.plist;
				INFOPLIST_KEY_CFBundleDisplayName = VOCR;
				INFOPLIST_KEY_LSApplicationCategoryType = "public.app-category.utilities";
				LD_RUNPATH_SEARCH_PATHS = (
					"$(inherited)",
					"@executable_path/../Frameworks",
				);
				MACOSX_DEPLOYMENT_TARGET = 13.0;
				MARKETING_VERSION = "3.0.0-beta.2";
				PRODUCT_BUNDLE_IDENTIFIER = com.chikim.VOCR;
				PRODUCT_NAME = "$(TARGET_NAME)";
				SWIFT_VERSION = 5.0;
			};
			name = Release;
		};
/* End XCBuildConfiguration section */

/* Begin XCConfigurationList section */
		EADE59AC232EB09A00E2F65A /* Build configuration list for PBXProject "VOCR" */ = {
			isa = XCConfigurationList;
			buildConfigurations = (
				EADE59BF232EB09A00E2F65A /* Debug */,
				EADE59C0232EB09A00E2F65A /* Release */,
			);
			defaultConfigurationIsVisible = 0;
			defaultConfigurationName = Release;
		};
		EADE59C1232EB09A00E2F65A /* Build configuration list for PBXNativeTarget "VOCR" */ = {
			isa = XCConfigurationList;
			buildConfigurations = (
				EADE59C2232EB09A00E2F65A /* Debug */,
				EADE59C3232EB09A00E2F65A /* Release */,
			);
			defaultConfigurationIsVisible = 0;
			defaultConfigurationName = Release;
		};
/* End XCConfigurationList section */

/* Begin XCRemoteSwiftPackageReference section */
		EA42F44D2A2A04440010BC39 /* XCRemoteSwiftPackageReference "AXSwift" */ = {
			isa = XCRemoteSwiftPackageReference;
			repositoryURL = "https://github.com/tmandry/AXSwift";
			requirement = {
				branch = main;
				kind = branch;
			};
		};
		EA7823592B56E75E004B141B /* XCRemoteSwiftPackageReference "Sparkle" */ = {
			isa = XCRemoteSwiftPackageReference;
			repositoryURL = "https://github.com/sparkle-project/Sparkle";
			requirement = {
				kind = upToNextMajorVersion;
				minimumVersion = 2.0.0;
			};
		};
		EAD9AAE42731075600473054 /* XCRemoteSwiftPackageReference "HotKey" */ = {
			isa = XCRemoteSwiftPackageReference;
			repositoryURL = "https://github.com/soffes/HotKey";
			requirement = {
				kind = upToNextMajorVersion;
				minimumVersion = 0.1.3;
			};
		};
		EAD9AAE727310A3900473054 /* XCRemoteSwiftPackageReference "SoundpipeAudioKit" */ = {
			isa = XCRemoteSwiftPackageReference;
			repositoryURL = "https://github.com/AudioKit/SoundpipeAudioKit.git";
			requirement = {
				kind = upToNextMajorVersion;
				minimumVersion = 5.0.0;
			};
		};
/* End XCRemoteSwiftPackageReference section */

/* Begin XCSwiftPackageProductDependency section */
		EA42F44E2A2A04440010BC39 /* AXSwift */ = {
			isa = XCSwiftPackageProductDependency;
			package = EA42F44D2A2A04440010BC39 /* XCRemoteSwiftPackageReference "AXSwift" */;
			productName = AXSwift;
		};
		EA78235A2B56E75E004B141B /* Sparkle */ = {
			isa = XCSwiftPackageProductDependency;
			package = EA7823592B56E75E004B141B /* XCRemoteSwiftPackageReference "Sparkle" */;
			productName = Sparkle;
		};
		EAD9AAE52731075600473054 /* HotKey */ = {
			isa = XCSwiftPackageProductDependency;
			package = EAD9AAE42731075600473054 /* XCRemoteSwiftPackageReference "HotKey" */;
			productName = HotKey;
		};
		EAD9AAE827310A3900473054 /* SoundpipeAudioKit */ = {
			isa = XCSwiftPackageProductDependency;
			package = EAD9AAE727310A3900473054 /* XCRemoteSwiftPackageReference "SoundpipeAudioKit" */;
			productName = SoundpipeAudioKit;
		};
/* End XCSwiftPackageProductDependency section */
	};
	rootObject = EADE59A9232EB09A00E2F65A /* Project object */;
}
