// !$*UTF8*$!
{
	archiveVersion = 1;
	classes = {
	};
	objectVersion = 50;
	objects = {

/* Begin PBXBuildFile section */
		EA2DA1A5232EB18800D31031 /* NSEventModifierFlags+HotKey.swift in Sources */ = {isa = PBXBuildFile; fileRef = EA2DA1A0232EB18800D31031 /* NSEventModifierFlags+HotKey.swift */; };
		EA2DA1A6232EB18800D31031 /* KeyCombo.swift in Sources */ = {isa = PBXBuildFile; fileRef = EA2DA1A1232EB18800D31031 /* KeyCombo.swift */; };
		EA2DA1A7232EB18800D31031 /* Key.swift in Sources */ = {isa = PBXBuildFile; fileRef = EA2DA1A2232EB18800D31031 /* Key.swift */; };
		EA2DA1A8232EB18800D31031 /* HotKeysController.swift in Sources */ = {isa = PBXBuildFile; fileRef = EA2DA1A3232EB18800D31031 /* HotKeysController.swift */; };
		EA2DA1A9232EB18800D31031 /* HotKey.swift in Sources */ = {isa = PBXBuildFile; fileRef = EA2DA1A4232EB18800D31031 /* HotKey.swift */; };
		EA2DA1AC232EB1D600D31031 /* Shortcuts.swift in Sources */ = {isa = PBXBuildFile; fileRef = EA2DA1AA232EB1D600D31031 /* Shortcuts.swift */; };
		EA2DA1AD232EB1D600D31031 /* Accessibility.swift in Sources */ = {isa = PBXBuildFile; fileRef = EA2DA1AB232EB1D600D31031 /* Accessibility.swift */; };
		EA2DA1AF232EB22300D31031 /* NSRunningApplication Extension.swift in Sources */ = {isa = PBXBuildFile; fileRef = EA2DA1AE232EB22300D31031 /* NSRunningApplication Extension.swift */; };
		EA2DA1B1232EB25A00D31031 /* AXUIElement Extension.swift in Sources */ = {isa = PBXBuildFile; fileRef = EA2DA1B0232EB25A00D31031 /* AXUIElement Extension.swift */; };
		EAA12C4F234C89030036AF6A /* NavigationShortcuts.swift in Sources */ = {isa = PBXBuildFile; fileRef = EAA12C4E234C89030036AF6A /* NavigationShortcuts.swift */; };
		EADE59B5232EB09A00E2F65A /* AppDelegate.swift in Sources */ = {isa = PBXBuildFile; fileRef = EADE59B4232EB09A00E2F65A /* AppDelegate.swift */; };
		EADE59B7232EB09A00E2F65A /* ViewController.swift in Sources */ = {isa = PBXBuildFile; fileRef = EADE59B6232EB09A00E2F65A /* ViewController.swift */; };
		EADE59B9232EB09A00E2F65A /* Assets.xcassets in Resources */ = {isa = PBXBuildFile; fileRef = EADE59B8232EB09A00E2F65A /* Assets.xcassets */; };
		EADE59BC232EB09A00E2F65A /* Main.storyboard in Resources */ = {isa = PBXBuildFile; fileRef = EADE59BA232EB09A00E2F65A /* Main.storyboard */; };
/* End PBXBuildFile section */

/* Begin PBXFileReference section */
		EA2DA1A0232EB18800D31031 /* NSEventModifierFlags+HotKey.swift */ = {isa = PBXFileReference; fileEncoding = 4; lastKnownFileType = sourcecode.swift; path = "NSEventModifierFlags+HotKey.swift"; sourceTree = "<group>"; };
		EA2DA1A1232EB18800D31031 /* KeyCombo.swift */ = {isa = PBXFileReference; fileEncoding = 4; lastKnownFileType = sourcecode.swift; path = KeyCombo.swift; sourceTree = "<group>"; };
		EA2DA1A2232EB18800D31031 /* Key.swift */ = {isa = PBXFileReference; fileEncoding = 4; lastKnownFileType = sourcecode.swift; path = Key.swift; sourceTree = "<group>"; };
		EA2DA1A3232EB18800D31031 /* HotKeysController.swift */ = {isa = PBXFileReference; fileEncoding = 4; lastKnownFileType = sourcecode.swift; path = HotKeysController.swift; sourceTree = "<group>"; };
		EA2DA1A4232EB18800D31031 /* HotKey.swift */ = {isa = PBXFileReference; fileEncoding = 4; lastKnownFileType = sourcecode.swift; path = HotKey.swift; sourceTree = "<group>"; };
		EA2DA1AA232EB1D600D31031 /* Shortcuts.swift */ = {isa = PBXFileReference; fileEncoding = 4; lastKnownFileType = sourcecode.swift; path = Shortcuts.swift; sourceTree = "<group>"; };
		EA2DA1AB232EB1D600D31031 /* Accessibility.swift */ = {isa = PBXFileReference; fileEncoding = 4; lastKnownFileType = sourcecode.swift; path = Accessibility.swift; sourceTree = "<group>"; };
		EA2DA1AE232EB22300D31031 /* NSRunningApplication Extension.swift */ = {isa = PBXFileReference; fileEncoding = 4; lastKnownFileType = sourcecode.swift; path = "NSRunningApplication Extension.swift"; sourceTree = "<group>"; };
		EA2DA1B0232EB25A00D31031 /* AXUIElement Extension.swift */ = {isa = PBXFileReference; fileEncoding = 4; lastKnownFileType = sourcecode.swift; path = "AXUIElement Extension.swift"; sourceTree = "<group>"; };
		EAA12C4E234C89030036AF6A /* NavigationShortcuts.swift */ = {isa = PBXFileReference; fileEncoding = 4; lastKnownFileType = sourcecode.swift; path = NavigationShortcuts.swift; sourceTree = "<group>"; };
		EADE59B1232EB09A00E2F65A /* VOCR.app */ = {isa = PBXFileReference; explicitFileType = wrapper.application; includeInIndex = 0; path = VOCR.app; sourceTree = BUILT_PRODUCTS_DIR; };
		EADE59B4232EB09A00E2F65A /* AppDelegate.swift */ = {isa = PBXFileReference; lastKnownFileType = sourcecode.swift; path = AppDelegate.swift; sourceTree = "<group>"; };
		EADE59B6232EB09A00E2F65A /* ViewController.swift */ = {isa = PBXFileReference; lastKnownFileType = sourcecode.swift; path = ViewController.swift; sourceTree = "<group>"; };
		EADE59B8232EB09A00E2F65A /* Assets.xcassets */ = {isa = PBXFileReference; lastKnownFileType = folder.assetcatalog; path = Assets.xcassets; sourceTree = "<group>"; };
		EADE59BB232EB09A00E2F65A /* Base */ = {isa = PBXFileReference; lastKnownFileType = file.storyboard; name = Base; path = Base.lproj/Main.storyboard; sourceTree = "<group>"; };
		EADE59BD232EB09A00E2F65A /* Info.plist */ = {isa = PBXFileReference; lastKnownFileType = text.plist.xml; path = Info.plist; sourceTree = "<group>"; };
		EADE59BE232EB09A00E2F65A /* VOCR.entitlements */ = {isa = PBXFileReference; lastKnownFileType = text.plist.entitlements; path = VOCR.entitlements; sourceTree = "<group>"; };
/* End PBXFileReference section */

/* Begin PBXFrameworksBuildPhase section */
		EADE59AE232EB09A00E2F65A /* Frameworks */ = {
			isa = PBXFrameworksBuildPhase;
			buildActionMask = 2147483647;
			files = (
			);
			runOnlyForDeploymentPostprocessing = 0;
		};
/* End PBXFrameworksBuildPhase section */

/* Begin PBXGroup section */
		EA2DA19F232EB18800D31031 /* HotKey */ = {
			isa = PBXGroup;
			children = (
				EA2DA1A0232EB18800D31031 /* NSEventModifierFlags+HotKey.swift */,
				EA2DA1A1232EB18800D31031 /* KeyCombo.swift */,
				EA2DA1A2232EB18800D31031 /* Key.swift */,
				EA2DA1A3232EB18800D31031 /* HotKeysController.swift */,
				EA2DA1A4232EB18800D31031 /* HotKey.swift */,
			);
			path = HotKey;
			sourceTree = "<group>";
		};
		EADE59A8232EB09A00E2F65A = {
			isa = PBXGroup;
			children = (
				EA2DA19F232EB18800D31031 /* HotKey */,
				EADE59B3232EB09A00E2F65A /* VOCR */,
				EADE59B2232EB09A00E2F65A /* Products */,
			);
			sourceTree = "<group>";
		};
		EADE59B2232EB09A00E2F65A /* Products */ = {
			isa = PBXGroup;
			children = (
				EADE59B1232EB09A00E2F65A /* VOCR.app */,
			);
			name = Products;
			sourceTree = "<group>";
		};
		EADE59B3232EB09A00E2F65A /* VOCR */ = {
			isa = PBXGroup;
			children = (
				EAA12C4E234C89030036AF6A /* NavigationShortcuts.swift */,
				EA2DA1B0232EB25A00D31031 /* AXUIElement Extension.swift */,
				EA2DA1AE232EB22300D31031 /* NSRunningApplication Extension.swift */,
				EA2DA1AB232EB1D600D31031 /* Accessibility.swift */,
				EA2DA1AA232EB1D600D31031 /* Shortcuts.swift */,
				EADE59B4232EB09A00E2F65A /* AppDelegate.swift */,
				EADE59B6232EB09A00E2F65A /* ViewController.swift */,
				EADE59B8232EB09A00E2F65A /* Assets.xcassets */,
				EADE59BA232EB09A00E2F65A /* Main.storyboard */,
				EADE59BD232EB09A00E2F65A /* Info.plist */,
				EADE59BE232EB09A00E2F65A /* VOCR.entitlements */,
			);
			path = VOCR;
			sourceTree = "<group>";
		};
/* End PBXGroup section */

/* Begin PBXNativeTarget section */
		EADE59B0232EB09A00E2F65A /* VOCR */ = {
			isa = PBXNativeTarget;
			buildConfigurationList = EADE59C1232EB09A00E2F65A /* Build configuration list for PBXNativeTarget "VOCR" */;
			buildPhases = (
				EADE59AD232EB09A00E2F65A /* Sources */,
				EADE59AE232EB09A00E2F65A /* Frameworks */,
				EADE59AF232EB09A00E2F65A /* Resources */,
			);
			buildRules = (
			);
			dependencies = (
			);
			name = VOCR;
			productName = VOCR;
			productReference = EADE59B1232EB09A00E2F65A /* VOCR.app */;
			productType = "com.apple.product-type.application";
		};
/* End PBXNativeTarget section */

/* Begin PBXProject section */
		EADE59A9232EB09A00E2F65A /* Project object */ = {
			isa = PBXProject;
			attributes = {
				LastSwiftUpdateCheck = 1100;
				LastUpgradeCheck = 1110;
				ORGANIZATIONNAME = "Chi Kim";
				TargetAttributes = {
					EADE59B0232EB09A00E2F65A = {
						CreatedOnToolsVersion = 11.0;
					};
				};
			};
			buildConfigurationList = EADE59AC232EB09A00E2F65A /* Build configuration list for PBXProject "VOCR" */;
			compatibilityVersion = "Xcode 9.3";
			developmentRegion = en;
			hasScannedForEncodings = 0;
			knownRegions = (
				en,
				Base,
			);
			mainGroup = EADE59A8232EB09A00E2F65A;
			productRefGroup = EADE59B2232EB09A00E2F65A /* Products */;
			projectDirPath = "";
			projectRoot = "";
			targets = (
				EADE59B0232EB09A00E2F65A /* VOCR */,
			);
		};
/* End PBXProject section */

/* Begin PBXResourcesBuildPhase section */
		EADE59AF232EB09A00E2F65A /* Resources */ = {
			isa = PBXResourcesBuildPhase;
			buildActionMask = 2147483647;
			files = (
				EADE59B9232EB09A00E2F65A /* Assets.xcassets in Resources */,
				EADE59BC232EB09A00E2F65A /* Main.storyboard in Resources */,
			);
			runOnlyForDeploymentPostprocessing = 0;
		};
/* End PBXResourcesBuildPhase section */

/* Begin PBXSourcesBuildPhase section */
		EADE59AD232EB09A00E2F65A /* Sources */ = {
			isa = PBXSourcesBuildPhase;
			buildActionMask = 2147483647;
			files = (
				EADE59B7232EB09A00E2F65A /* ViewController.swift in Sources */,
				EA2DA1B1232EB25A00D31031 /* AXUIElement Extension.swift in Sources */,
				EA2DA1AC232EB1D600D31031 /* Shortcuts.swift in Sources */,
				EA2DA1A7232EB18800D31031 /* Key.swift in Sources */,
				EADE59B5232EB09A00E2F65A /* AppDelegate.swift in Sources */,
				EA2DA1A8232EB18800D31031 /* HotKeysController.swift in Sources */,
				EA2DA1A6232EB18800D31031 /* KeyCombo.swift in Sources */,
				EA2DA1AF232EB22300D31031 /* NSRunningApplication Extension.swift in Sources */,
				EA2DA1A5232EB18800D31031 /* NSEventModifierFlags+HotKey.swift in Sources */,
				EA2DA1AD232EB1D600D31031 /* Accessibility.swift in Sources */,
				EA2DA1A9232EB18800D31031 /* HotKey.swift in Sources */,
				EAA12C4F234C89030036AF6A /* NavigationShortcuts.swift in Sources */,
			);
			runOnlyForDeploymentPostprocessing = 0;
		};
/* End PBXSourcesBuildPhase section */

/* Begin PBXVariantGroup section */
		EADE59BA232EB09A00E2F65A /* Main.storyboard */ = {
			isa = PBXVariantGroup;
			children = (
				EADE59BB232EB09A00E2F65A /* Base */,
			);
			name = Main.storyboard;
			sourceTree = "<group>";
		};
/* End PBXVariantGroup section */

/* Begin XCBuildConfiguration section */
		EADE59BF232EB09A00E2F65A /* Debug */ = {
			isa = XCBuildConfiguration;
			buildSettings = {
				ALWAYS_SEARCH_USER_PATHS = NO;
				CLANG_ANALYZER_NONNULL = YES;
				CLANG_ANALYZER_NUMBER_OBJECT_CONVERSION = YES_AGGRESSIVE;
				CLANG_CXX_LANGUAGE_STANDARD = "gnu++14";
				CLANG_CXX_LIBRARY = "libc++";
				CLANG_ENABLE_MODULES = YES;
				CLANG_ENABLE_OBJC_ARC = YES;
				CLANG_ENABLE_OBJC_WEAK = YES;
				CLANG_WARN_BLOCK_CAPTURE_AUTORELEASING = YES;
				CLANG_WARN_BOOL_CONVERSION = YES;
				CLANG_WARN_COMMA = YES;
				CLANG_WARN_CONSTANT_CONVERSION = YES;
				CLANG_WARN_DEPRECATED_OBJC_IMPLEMENTATIONS = YES;
				CLANG_WARN_DIRECT_OBJC_ISA_USAGE = YES_ERROR;
				CLANG_WARN_DOCUMENTATION_COMMENTS = YES;
				CLANG_WARN_EMPTY_BODY = YES;
				CLANG_WARN_ENUM_CONVERSION = YES;
				CLANG_WARN_INFINITE_RECURSION = YES;
				CLANG_WARN_INT_CONVERSION = YES;
				CLANG_WARN_NON_LITERAL_NULL_CONVERSION = YES;
				CLANG_WARN_OBJC_IMPLICIT_RETAIN_SELF = YES;
				CLANG_WARN_OBJC_LITERAL_CONVERSION = YES;
				CLANG_WARN_OBJC_ROOT_CLASS = YES_ERROR;
				CLANG_WARN_RANGE_LOOP_ANALYSIS = YES;
				CLANG_WARN_STRICT_PROTOTYPES = YES;
				CLANG_WARN_SUSPICIOUS_MOVE = YES;
				CLANG_WARN_UNGUARDED_AVAILABILITY = YES_AGGRESSIVE;
				CLANG_WARN_UNREACHABLE_CODE = YES;
				CLANG_WARN__DUPLICATE_METHOD_MATCH = YES;
				COPY_PHASE_STRIP = NO;
				DEBUG_INFORMATION_FORMAT = dwarf;
				ENABLE_STRICT_OBJC_MSGSEND = YES;
				ENABLE_TESTABILITY = YES;
				GCC_C_LANGUAGE_STANDARD = gnu11;
				GCC_DYNAMIC_NO_PIC = NO;
				GCC_NO_COMMON_BLOCKS = YES;
				GCC_OPTIMIZATION_LEVEL = 0;
				GCC_PREPROCESSOR_DEFINITIONS = (
					"DEBUG=1",
					"$(inherited)",
				);
				GCC_WARN_64_TO_32_BIT_CONVERSION = YES;
				GCC_WARN_ABOUT_RETURN_TYPE = YES_ERROR;
				GCC_WARN_UNDECLARED_SELECTOR = YES;
				GCC_WARN_UNINITIALIZED_AUTOS = YES_AGGRESSIVE;
				GCC_WARN_UNUSED_FUNCTION = YES;
				GCC_WARN_UNUSED_VARIABLE = YES;
				MACOSX_DEPLOYMENT_TARGET = 10.15;
				MTL_ENABLE_DEBUG_INFO = INCLUDE_SOURCE;
				MTL_FAST_MATH = YES;
				ONLY_ACTIVE_ARCH = YES;
				SDKROOT = macosx;
				SWIFT_ACTIVE_COMPILATION_CONDITIONS = DEBUG;
				SWIFT_OPTIMIZATION_LEVEL = "-Onone";
			};
			name = Debug;
		};
		EADE59C0232EB09A00E2F65A /* Release */ = {
			isa = XCBuildConfiguration;
			buildSettings = {
				ALWAYS_SEARCH_USER_PATHS = NO;
				CLANG_ANALYZER_NONNULL = YES;
				CLANG_ANALYZER_NUMBER_OBJECT_CONVERSION = YES_AGGRESSIVE;
				CLANG_CXX_LANGUAGE_STANDARD = "gnu++14";
				CLANG_CXX_LIBRARY = "libc++";
				CLANG_ENABLE_MODULES = YES;
				CLANG_ENABLE_OBJC_ARC = YES;
				CLANG_ENABLE_OBJC_WEAK = YES;
				CLANG_WARN_BLOCK_CAPTURE_AUTORELEASING = YES;
				CLANG_WARN_BOOL_CONVERSION = YES;
				CLANG_WARN_COMMA = YES;
				CLANG_WARN_CONSTANT_CONVERSION = YES;
				CLANG_WARN_DEPRECATED_OBJC_IMPLEMENTATIONS = YES;
				CLANG_WARN_DIRECT_OBJC_ISA_USAGE = YES_ERROR;
				CLANG_WARN_DOCUMENTATION_COMMENTS = YES;
				CLANG_WARN_EMPTY_BODY = YES;
				CLANG_WARN_ENUM_CONVERSION = YES;
				CLANG_WARN_INFINITE_RECURSION = YES;
				CLANG_WARN_INT_CONVERSION = YES;
				CLANG_WARN_NON_LITERAL_NULL_CONVERSION = YES;
				CLANG_WARN_OBJC_IMPLICIT_RETAIN_SELF = YES;
				CLANG_WARN_OBJC_LITERAL_CONVERSION = YES;
				CLANG_WARN_OBJC_ROOT_CLASS = YES_ERROR;
				CLANG_WARN_RANGE_LOOP_ANALYSIS = YES;
				CLANG_WARN_STRICT_PROTOTYPES = YES;
				CLANG_WARN_SUSPICIOUS_MOVE = YES;
				CLANG_WARN_UNGUARDED_AVAILABILITY = YES_AGGRESSIVE;
				CLANG_WARN_UNREACHABLE_CODE = YES;
				CLANG_WARN__DUPLICATE_METHOD_MATCH = YES;
				COPY_PHASE_STRIP = NO;
				DEBUG_INFORMATION_FORMAT = "dwarf-with-dsym";
				ENABLE_NS_ASSERTIONS = NO;
				ENABLE_STRICT_OBJC_MSGSEND = YES;
				GCC_C_LANGUAGE_STANDARD = gnu11;
				GCC_NO_COMMON_BLOCKS = YES;
				GCC_WARN_64_TO_32_BIT_CONVERSION = YES;
				GCC_WARN_ABOUT_RETURN_TYPE = YES_ERROR;
				GCC_WARN_UNDECLARED_SELECTOR = YES;
				GCC_WARN_UNINITIALIZED_AUTOS = YES_AGGRESSIVE;
				GCC_WARN_UNUSED_FUNCTION = YES;
				GCC_WARN_UNUSED_VARIABLE = YES;
				MACOSX_DEPLOYMENT_TARGET = 10.15;
				MTL_ENABLE_DEBUG_INFO = NO;
				MTL_FAST_MATH = YES;
				SDKROOT = macosx;
				SWIFT_COMPILATION_MODE = wholemodule;
				SWIFT_OPTIMIZATION_LEVEL = "-O";
			};
			name = Release;
		};
		EADE59C2232EB09A00E2F65A /* Debug */ = {
			isa = XCBuildConfiguration;
			buildSettings = {
				ASSETCATALOG_COMPILER_APPICON_NAME = AppIcon;
				CODE_SIGN_ENTITLEMENTS = VOCR/VOCR.entitlements;
				CODE_SIGN_IDENTITY = "-";
				CODE_SIGN_STYLE = Automatic;
				COMBINE_HIDPI_IMAGES = YES;
				DEVELOPMENT_TEAM = 9N598S2535;
				ENABLE_HARDENED_RUNTIME = YES;
				INFOPLIST_FILE = VOCR/Info.plist;
				LD_RUNPATH_SEARCH_PATHS = (
					"$(inherited)",
					"@executable_path/../Frameworks",
				);
				PRODUCT_BUNDLE_IDENTIFIER = com.chikim.VOCR;
				PRODUCT_NAME = "$(TARGET_NAME)";
				SWIFT_VERSION = 5.0;
			};
			name = Debug;
		};
		EADE59C3232EB09A00E2F65A /* Release */ = {
			isa = XCBuildConfiguration;
			buildSettings = {
				ASSETCATALOG_COMPILER_APPICON_NAME = AppIcon;
				CODE_SIGN_ENTITLEMENTS = VOCR/VOCR.entitlements;
				CODE_SIGN_IDENTITY = "-";
				CODE_SIGN_STYLE = Automatic;
				COMBINE_HIDPI_IMAGES = YES;
				DEVELOPMENT_TEAM = 9N598S2535;
				ENABLE_HARDENED_RUNTIME = YES;
				INFOPLIST_FILE = VOCR/Info.plist;
				LD_RUNPATH_SEARCH_PATHS = (
					"$(inherited)",
					"@executable_path/../Frameworks",
				);
				PRODUCT_BUNDLE_IDENTIFIER = com.chikim.VOCR;
				PRODUCT_NAME = "$(TARGET_NAME)";
				SWIFT_VERSION = 5.0;
			};
			name = Release;
		};
/* End XCBuildConfiguration section */

/* Begin XCConfigurationList section */
		EADE59AC232EB09A00E2F65A /* Build configuration list for PBXProject "VOCR" */ = {
			isa = XCConfigurationList;
			buildConfigurations = (
				EADE59BF232EB09A00E2F65A /* Debug */,
				EADE59C0232EB09A00E2F65A /* Release */,
			);
			defaultConfigurationIsVisible = 0;
			defaultConfigurationName = Release;
		};
		EADE59C1232EB09A00E2F65A /* Build configuration list for PBXNativeTarget "VOCR" */ = {
			isa = XCConfigurationList;
			buildConfigurations = (
				EADE59C2232EB09A00E2F65A /* Debug */,
				EADE59C3232EB09A00E2F65A /* Release */,
			);
			defaultConfigurationIsVisible = 0;
			defaultConfigurationName = Release;
		};
/* End XCConfigurationList section */
	};
	rootObject = EADE59A9232EB09A00E2F65A /* Project object */;
}
